{
  "version": "1.0.0",
  "lockfileVersion": 1,
  "requires": true,
  "dependencies": {
    "aws-lambda-utility-layer": {
      "version": "1.1.0",
      "resolved": "https://registry.npmjs.org/aws-lambda-utility-layer/-/aws-lambda-utility-layer-1.1.0.tgz",
      "integrity": "sha512-0+IX9vblKr7i0EvVMsSg0N6w/YmTC2iHt1GUx006khu5CVj4xRSalj04XQv5m5A7k6TiZimfAwmLYGn9J29m5Q=="
    }
  }
}
