{
  "version": "1.0.0",
  "lockfileVersion": 1,
  "requires": true,
  "dependencies": {
    "aws-lambda-utility-layer": {
      "version": "1.3.1",
      "resolved": "https://registry.npmjs.org/aws-lambda-utility-layer/-/aws-lambda-utility-layer-1.3.1.tgz",
      "integrity": "sha512-b8O3CuUisiscV5bNveb68Fps2m+puV4boCtJgY3WXArvmAUVw4IoWtHZ83UmdvJZfKkaLmsZD+GTJNCkBDoNeg=="
    }
  }
}
