{
  "version": "1.0.0",
  "lockfileVersion": 1,
  "requires": true,
  "dependencies": {
    "aws-lambda-utility-layer": {
      "version": "1.6.0",
      "resolved": "https://registry.npmjs.org/aws-lambda-utility-layer/-/aws-lambda-utility-layer-1.6.0.tgz",
      "integrity": "sha512-Mu1D3xkyj1N0ocFWSQek/IQp/EeLav0HwtDBGV/X9MfFUZq0WDvS/IevJjOyOpoxJa+eJa7vss4aLHJl861Tkg==",
      "requires": {
        "common-errors": "^1.2.0"
      }
    },
    "common-errors": {
      "version": "1.2.0",
      "resolved": "https://registry.npmjs.org/common-errors/-/common-errors-1.2.0.tgz",
      "integrity": "sha512-HtLF1V6LRACyueMEs+MLwf++1Q7cJLC0FFVStFErYZXXCNuTyVwXp67MTn7Mf7+lAaA5HfUe4cREPTwo0LAXkg=="
    }
  }
}
